
Microsoft Visual Studio Solution File, Format Version 12.00
# Visual Studio Version 16
VisualStudioVersion = 16.0.29102.190
MinimumVisualStudioVersion = 10.0.40219.1
Project("{FAE04EC0-301F-11D3-BF4B-00C04F79EFBC}") = "TestMediaView", "TestMediaView\TestMediaView.csproj", "{383A8E76-F400-4A0B-BACA-869A1E9A333C}"
EndProject
Global
	GlobalSection(SolutionConfigurationPlatforms) = preSolution
		Debug|Any CPU = Debug|Any CPU
		Release|Any CPU = Release|Any CPU
	EndGlobalSection
	GlobalSection(ProjectConfigurationPlatforms) = postSolution
		{383A8E76-F400-4A0B-BACA-869A1E9A333C}.Debug|Any CPU.ActiveCfg = Debug|Any CPU
		{383A8E76-F400-4A0B-BACA-869A1E9A333C}.Debug|Any CPU.Build.0 = Debug|Any CPU
		{383A8E76-F400-4A0B-BACA-869A1E9A333C}.Release|Any CPU.ActiveCfg = Release|Any CPU
		{383A8E76-F400-4A0B-BACA-869A1E9A333C}.Release|Any CPU.Build.0 = Release|Any CPU
	EndGlobalSection
	GlobalSection(SolutionProperties) = preSolution
		HideSolutionNode = FALSE
	EndGlobalSection
	GlobalSection(ExtensibilityGlobals) = postSolution
		SolutionGuid = {5F2CFAA0-72F7-4FB6-81C0-E3E3811ED83D}
	EndGlobalSection
EndGlobal
